# This file is automatically @generated by Cargo.
# It is not intended for manual editing.
version = 4

[[package]]
name = "wakaru_cli"
version = "0.0.0"
dependencies = [
 "wakaru_core",
 "wakaru_unminify",
 "wakaru_unpacker",
]

[[package]]
name = "wakaru_core"
version = "0.0.0"

[[package]]
name = "wakaru_unminify"
version = "0.0.0"
dependencies = [
 "wakaru_core",
]

[[package]]
name = "wakaru_unpacker"
version = "0.0.0"
dependencies = [
 "wakaru_core",
]
